
Microsoft Visual Studio Solution File, Format Version 12.00
# Visual Studio Version 17
VisualStudioVersion = 17.7.34202.233
MinimumVisualStudioVersion = 10.0.40219.1
Project("{FAE04EC0-301F-11D3-BF4B-00C04F79EFBC}") = "Calculator", "Calculator\Calculator.csproj", "{B4CFBCC6-4CC7-4466-9294-D584A8C23038}"
EndProject
Global
	GlobalSection(SolutionConfigurationPlatforms) = preSolution
		Debug|Any CPU = Debug|Any CPU
		Release|Any CPU = Release|Any CPU
	EndGlobalSection
	GlobalSection(ProjectConfigurationPlatforms) = postSolution
		{B4CFBCC6-4CC7-4466-9294-D584A8C23038}.Debug|Any CPU.ActiveCfg = Debug|Any CPU
		{B4CFBCC6-4CC7-4466-9294-D584A8C23038}.Debug|Any CPU.Build.0 = Debug|Any CPU
		{B4CFBCC6-4CC7-4466-9294-D584A8C23038}.Release|Any CPU.ActiveCfg = Release|Any CPU
		{B4CFBCC6-4CC7-4466-9294-D584A8C23038}.Release|Any CPU.Build.0 = Release|Any CPU
	EndGlobalSection
	GlobalSection(SolutionProperties) = preSolution
		HideSolutionNode = FALSE
	EndGlobalSection
	GlobalSection(ExtensibilityGlobals) = postSolution
		SolutionGuid = {19CD1468-5E78-49C9-BB36-2BF575113194}
	EndGlobalSection
EndGlobal
